// !$*UTF8*$!
{
	archiveVersion = 1;
	classes = {
	};
	objectVersion = 77;
	objects = {

/* Begin PBXContainerItemProxy section */
		5C2FDA0B2FF631B100EF888F /* PBXContainerItemProxy */ = {
			isa = PBXContainerItemProxy;
			containerPortal = 5C2FD9EC2FF631AF00EF888F /* Project object */;
			proxyType = 1;
			remoteGlobalIDString = 5C2FD9F32FF631AF00EF888F;
			remoteInfo = AutodocNewsApp;
		};
		5C2FDA152FF631B100EF888F /* PBXContainerItemProxy */ = {
			isa = PBXContainerItemProxy;
			containerPortal = 5C2FD9EC2FF631AF00EF888F /* Project object */;
			proxyType = 1;
			remoteGlobalIDString = 5C2FD9F32FF631AF00EF888F;
			remoteInfo = AutodocNewsApp;
		};
/* End PBXContainerItemProxy section */

/* Begin PBXFileReference section */
		5C2FD9F42FF631AF00EF888F /* AutodocNewsApp.app */ = {isa = PBXFileReference; explicitFileType = wrapper.application; includeInIndex = 0; path = AutodocNewsApp.app; sourceTree = BUILT_PRODUCTS_DIR; };
		5C2FDA0A2FF631B100EF888F /* AutodocNewsAppTests.xctest */ = {isa = PBXFileReference; explicitFileType = wrapper.cfbundle; includeInIndex = 0; path = AutodocNewsAppTests.xctest; sourceTree = BUILT_PRODUCTS_DIR; };
		5C2FDA142FF631B100EF888F /* AutodocNewsAppUITests.xctest */ = {isa = PBXFileReference; explicitFileType = wrapper.cfbundle; includeInIndex = 0; path = AutodocNewsAppUITests.xctest; sourceTree = BUILT_PRODUCTS_DIR; };
/* End PBXFileReference section */

/* Begin PBXFileSystemSynchronizedBuildFileExceptionSet section */
		5C2FDA1C2FF631B100EF888F /* Exceptions for "AutodocNewsApp" folder in "AutodocNewsApp" target */ = {
			isa = PBXFileSystemSynchronizedBuildFileExceptionSet;
			membershipExceptions = (
				Info.plist,
			);
			target = 5C2FD9F32FF631AF00EF888F /* AutodocNewsApp */;
		};
/* End PBXFileSystemSynchronizedBuildFileExceptionSet section */

/* Begin PBXFileSystemSynchronizedRootGroup section */
		5C2FD9F62FF631AF00EF888F /* AutodocNewsApp */ = {
			isa = PBXFileSystemSynchronizedRootGroup;
			exceptions = (
				5C2FDA1C2FF631B100EF888F /* Exceptions for "AutodocNewsApp" folder in "AutodocNewsApp" target */,
			);
			path = AutodocNewsApp;
			sourceTree = "<group>";
		};
		5C2FDA0D2FF631B100EF888F /* AutodocNewsAppTests */ = {
			isa = PBXFileSystemSynchronizedRootGroup;
			path = AutodocNewsAppTests;
			sourceTree = "<group>";
		};
		5C2FDA172FF631B100EF888F /* AutodocNewsAppUITests */ = {
			isa = PBXFileSystemSynchronizedRootGroup;
			path = AutodocNewsAppUITests;
			sourceTree = "<group>";
		};
/* End PBXFileSystemSynchronizedRootGroup section */

/* Begin PBXFrameworksBuildPhase section */
		5C2FD9F12FF631AF00EF888F /* Frameworks */ = {
			isa = PBXFrameworksBuildPhase;
			buildActionMask = 2147483647;
			files = (
			);
			runOnlyForDeploymentPostprocessing = 0;
		};
		5C2FDA072FF631B100EF888F /* Frameworks */ = {
			isa = PBXFrameworksBuildPhase;
			buildActionMask = 2147483647;
			files = (
			);
			runOnlyForDeploymentPostprocessing = 0;
		};
		5C2FDA112FF631B100EF888F /* Frameworks */ = {
			isa = PBXFrameworksBuildPhase;
			buildActionMask = 2147483647;
			files = (
			);
			runOnlyForDeploymentPostprocessing = 0;
		};
/* End PBXFrameworksBuildPhase section */

/* Begin PBXGroup section */
		5C2FD9EB2FF631AF00EF888F = {
			isa = PBXGroup;
			children = (
				5C2FD9F62FF631AF00EF888F /* AutodocNewsApp */,
				5C2FDA0D2FF631B100EF888F /* AutodocNewsAppTests */,
				5C2FDA172FF631B100EF888F /* AutodocNewsAppUITests */,
				5C2FD9F52FF631AF00EF888F /* Products */,
			);
			sourceTree = "<group>";
		};
		5C2FD9F52FF631AF00EF888F /* Products */ = {
			isa = PBXGroup;
			children = (
				5C2FD9F42FF631AF00EF888F /* AutodocNewsApp.app */,
				5C2FDA0A2FF631B100EF888F /* AutodocNewsAppTests.xctest */,
				5C2FDA142FF631B100EF888F /* AutodocNewsAppUITests.xctest */,
			);
			name = Products;
			sourceTree = "<group>";
		};
/* End PBXGroup section */

/* Begin PBXNativeTarget section */
		5C2FD9F32FF631AF00EF888F /* AutodocNewsApp */ = {
			isa = PBXNativeTarget;
			buildConfigurationList = 5C2FDA1D2FF631B100EF888F /* Build configuration list for PBXNativeTarget "AutodocNewsApp" */;
			buildPhases = (
				5C2FD9F02FF631AF00EF888F /* Sources */,
				5C2FD9F12FF631AF00EF888F /* Frameworks */,
				5C2FD9F22FF631AF00EF888F /* Resources */,
			);
			buildRules = (
			);
			dependencies = (
			);
			fileSystemSynchronizedGroups = (
				5C2FD9F62FF631AF00EF888F /* AutodocNewsApp */,
			);
			name = AutodocNewsApp;
			packageProductDependencies = (
			);
			productName = AutodocNewsApp;
			productReference = 5C2FD9F42FF631AF00EF888F /* AutodocNewsApp.app */;
			productType = "com.apple.product-type.application";
		};
		5C2FDA092FF631B100EF888F /* AutodocNewsAppTests */ = {
			isa = PBXNativeTarget;
			buildConfigurationList = 5C2FDA222FF631B100EF888F /* Build configuration list for PBXNativeTarget "AutodocNewsAppTests" */;
			buildPhases = (
				5C2FDA062FF631B100EF888F /* Sources */,
				5C2FDA072FF631B100EF888F /* Frameworks */,
				5C2FDA082FF631B100EF888F /* Resources */,
			);
			buildRules = (
			);
			dependencies = (
				5C2FDA0C2FF631B100EF888F /* PBXTargetDependency */,
			);
			fileSystemSynchronizedGroups = (
				5C2FDA0D2FF631B100EF888F /* AutodocNewsAppTests */,
			);
			name = AutodocNewsAppTests;
			packageProductDependencies = (
			);
			productName = AutodocNewsAppTests;
			productReference = 5C2FDA0A2FF631B100EF888F /* AutodocNewsAppTests.xctest */;
			productType = "com.apple.product-type.bundle.unit-test";
		};
		5C2FDA132FF631B100EF888F /* AutodocNewsAppUITests */ = {
			isa = PBXNativeTarget;
			buildConfigurationList = 5C2FDA252FF631B100EF888F /* Build configuration list for PBXNativeTarget "AutodocNewsAppUITests" */;
			buildPhases = (
				5C2FDA102FF631B100EF888F /* Sources */,
				5C2FDA112FF631B100EF888F /* Frameworks */,
				5C2FDA122FF631B100EF888F /* Resources */,
			);
			buildRules = (
			);
			dependencies = (
				5C2FDA162FF631B100EF888F /* PBXTargetDependency */,
			);
			fileSystemSynchronizedGroups = (
				5C2FDA172FF631B100EF888F /* AutodocNewsAppUITests */,
			);
			name = AutodocNewsAppUITests;
			packageProductDependencies = (
			);
			productName = AutodocNewsAppUITests;
			productReference = 5C2FDA142FF631B100EF888F /* AutodocNewsAppUITests.xctest */;
			productType = "com.apple.product-type.bundle.ui-testing";
		};
/* End PBXNativeTarget section */

/* Begin PBXProject section */
		5C2FD9EC2FF631AF00EF888F /* Project object */ = {
			isa = PBXProject;
			attributes = {
				BuildIndependentTargetsInParallel = 1;
				LastSwiftUpdateCheck = 2650;
				LastUpgradeCheck = 2650;
				TargetAttributes = {
					5C2FD9F32FF631AF00EF888F = {
						CreatedOnToolsVersion = 26.5;
					};
					5C2FDA092FF631B100EF888F = {
						CreatedOnToolsVersion = 26.5;
						TestTargetID = 5C2FD9F32FF631AF00EF888F;
					};
					5C2FDA132FF631B100EF888F = {
						CreatedOnToolsVersion = 26.5;
						TestTargetID = 5C2FD9F32FF631AF00EF888F;
					};
				};
			};
			buildConfigurationList = 5C2FD9EF2FF631AF00EF888F /* Build configuration list for PBXProject "AutodocNewsApp" */;
			developmentRegion = en;
			hasScannedForEncodings = 0;
			knownRegions = (
				en,
				Base,
			);
			mainGroup = 5C2FD9EB2FF631AF00EF888F;
			minimizedProjectReferenceProxies = 1;
			preferredProjectObjectVersion = 77;
			productRefGroup = 5C2FD9F52FF631AF00EF888F /* Products */;
			projectDirPath = "";
			projectRoot = "";
			targets = (
				5C2FD9F32FF631AF00EF888F /* AutodocNewsApp */,
				5C2FDA092FF631B100EF888F /* AutodocNewsAppTests */,
				5C2FDA132FF631B100EF888F /* AutodocNewsAppUITests */,
			);
		};
/* End PBXProject section */

/* Begin PBXResourcesBuildPhase section */
		5C2FD9F22FF631AF00EF888F /* Resources */ = {
			isa = PBXResourcesBuildPhase;
			buildActionMask = 2147483647;
			files = (
			);
			runOnlyForDeploymentPostprocessing = 0;
		};
		5C2FDA082FF631B100EF888F /* Resources */ = {
			isa = PBXResourcesBuildPhase;
			buildActionMask = 2147483647;
			files = (
			);
			runOnlyForDeploymentPostprocessing = 0;
		};
		5C2FDA122FF631B100EF888F /* Resources */ = {
			isa = PBXResourcesBuildPhase;
			buildActionMask = 2147483647;
			files = (
			);
			runOnlyForDeploymentPostprocessing = 0;
		};
/* End PBXResourcesBuildPhase section */

/* Begin PBXSourcesBuildPhase section */
		5C2FD9F02FF631AF00EF888F /* Sources */ = {
			isa = PBXSourcesBuildPhase;
			buildActionMask = 2147483647;
			files = (
			);
			runOnlyForDeploymentPostprocessing = 0;
		};
		5C2FDA062FF631B100EF888F /* Sources */ = {
			isa = PBXSourcesBuildPhase;
			buildActionMask = 2147483647;
			files = (
			);
			runOnlyForDeploymentPostprocessing = 0;
		};
		5C2FDA102FF631B100EF888F /* Sources */ = {
			isa = PBXSourcesBuildPhase;
			buildActionMask = 2147483647;
			files = (
			);
			runOnlyForDeploymentPostprocessing = 0;
		};
/* End PBXSourcesBuildPhase section */

/* Begin PBXTargetDependency section */
		5C2FDA0C2FF631B100EF888F /* PBXTargetDependency */ = {
			isa = PBXTargetDependency;
			target = 5C2FD9F32FF631AF00EF888F /* AutodocNewsApp */;
			targetProxy = 5C2FDA0B2FF631B100EF888F /* PBXContainerItemProxy */;
		};
		5C2FDA162FF631B100EF888F /* PBXTargetDependency */ = {
			isa = PBXTargetDependency;
			target = 5C2FD9F32FF631AF00EF888F /* AutodocNewsApp */;
			targetProxy = 5C2FDA152FF631B100EF888F /* PBXContainerItemProxy */;
		};
/* End PBXTargetDependency section */

/* Begin XCBuildConfiguration section */
		5C2FDA1E2FF631B100EF888F /* Debug */ = {
			isa = XCBuildConfiguration;
			buildSettings = {
				ASSETCATALOG_COMPILER_APPICON_NAME = AppIcon;
				ASSETCATALOG_COMPILER_GLOBAL_ACCENT_COLOR_NAME = AccentColor;
				CODE_SIGN_STYLE = Automatic;
				CURRENT_PROJECT_VERSION = 1;
				DEVELOPMENT_TEAM = 6K8TWM2B86;
				GENERATE_INFOPLIST_FILE = YES;
				INFOPLIST_FILE = AutodocNewsApp/Info.plist;
				INFOPLIST_KEY_UIApplicationSupportsIndirectInputEvents = YES;
				INFOPLIST_KEY_UILaunchStoryboardName = LaunchScreen;
				INFOPLIST_KEY_UIMainStoryboardFile = Main;
				INFOPLIST_KEY_UISupportedInterfaceOrientations_iPad = "UIInterfaceOrientationPortrait UIInterfaceOrientationPortraitUpsideDown UIInterfaceOrientationLandscapeLeft UIInterfaceOrientationLandscapeRight";
				INFOPLIST_KEY_UISupportedInterfaceOrientations_iPhone = "UIInterfaceOrientationPortrait UIInterfaceOrientationLandscapeLeft UIInterfaceOrientationLandscapeRight";
				LD_RUNPATH_SEARCH_PATHS = (
					"$(inherited)",
					"@executable_path/Frameworks",
				);
				MARKETING_VERSION = 1.0;
				PRODUCT_BUNDLE_IDENTIFIER = chaykin.AutodocNewsApp;
				PRODUCT_NAME = "$(TARGET_NAME)";
				STRING_CATALOG_GENERATE_SYMBOLS = YES;
				SWIFT_APPROACHABLE_CONCURRENCY = YES;
				SWIFT_DEFAULT_ACTOR_ISOLATION = MainActor;
				SWIFT_EMIT_LOC_STRINGS = YES;
				SWIFT_UPCOMING_FEATURE_MEMBER_IMPORT_VISIBILITY = YES;
				SWIFT_VERSION = 5.0;
				TARGETED_DEVICE_FAMILY = "1,2";
			};
			name = Debug;
		};
		5C2FDA1F2FF631B100EF888F /* Release */ = {
			isa = XCBuildConfiguration;
			buildSettings = {
				ASSETCATALOG_COMPILER_APPICON_NAME = AppIcon;
				ASSETCATALOG_COMPILER_GLOBAL_ACCENT_COLOR_NAME = AccentColor;
				CODE_SIGN_STYLE = Automatic;
				CURRENT_PROJECT_VERSION = 1;
				DEVELOPMENT_TEAM = 6K8TWM2B86;
				GENERATE_INFOPLIST_FILE = YES;
				INFOPLIST_FILE = AutodocNewsApp/Info.plist;
				INFOPLIST_KEY_UIApplicationSupportsIndirectInputEvents = YES;
				INFOPLIST_KEY_UILaunchStoryboardName = LaunchScreen;
				INFOPLIST_KEY_UIMainStoryboardFile = Main;
				INFOPLIST_KEY_UISupportedInterfaceOrientations_iPad = "UIInterfaceOrientationPortrait UIInterfaceOrientationPortraitUpsideDown UIInterfaceOrientationLandscapeLeft UIInterfaceOrientationLandscapeRight";
				INFOPLIST_KEY_UISupportedInterfaceOrientations_iPhone = "UIInterfaceOrientationPortrait UIInterfaceOrientationLandscapeLeft UIInterfaceOrientationLandscapeRight";
				LD_RUNPATH_SEARCH_PATHS = (
					"$(inherited)",
					"@executable_path/Frameworks",
				);
				MARKETING_VERSION = 1.0;
				PRODUCT_BUNDLE_IDENTIFIER = chaykin.AutodocNewsApp;
				PRODUCT_NAME = "$(TARGET_NAME)";
				STRING_CATALOG_GENERATE_SYMBOLS = YES;
				SWIFT_APPROACHABLE_CONCURRENCY = YES;
				SWIFT_DEFAULT_ACTOR_ISOLATION = MainActor;
				SWIFT_EMIT_LOC_STRINGS = YES;
				SWIFT_UPCOMING_FEATURE_MEMBER_IMPORT_VISIBILITY = YES;
				SWIFT_VERSION = 5.0;
				TARGETED_DEVICE_FAMILY = "1,2";
			};
			name = Release;
		};
		5C2FDA202FF631B100EF888F /* Debug */ = {
			isa = XCBuildConfiguration;
			buildSettings = {
				ALWAYS_SEARCH_USER_PATHS = NO;
				ASSETCATALOG_COMPILER_GENERATE_SWIFT_ASSET_SYMBOL_EXTENSIONS = YES;
				CLANG_ANALYZER_NONNULL = YES;
				CLANG_ANALYZER_NUMBER_OBJECT_CONVERSION = YES_AGGRESSIVE;
				CLANG_CXX_LANGUAGE_STANDARD = "gnu++20";
				CLANG_ENABLE_MODULES = YES;
				CLANG_ENABLE_OBJC_ARC = YES;
				CLANG_ENABLE_OBJC_WEAK = YES;
				CLANG_WARN_BLOCK_CAPTURE_AUTORELEASING = YES;
				CLANG_WARN_BOOL_CONVERSION = YES;
				CLANG_WARN_COMMA = YES;
				CLANG_WARN_CONSTANT_CONVERSION = YES;
				CLANG_WARN_DEPRECATED_OBJC_IMPLEMENTATIONS = YES;
				CLANG_WARN_DIRECT_OBJC_ISA_USAGE = YES_ERROR;
				CLANG_WARN_DOCUMENTATION_COMMENTS = YES;
				CLANG_WARN_EMPTY_BODY = YES;
				CLANG_WARN_ENUM_CONVERSION = YES;
				CLANG_WARN_INFINITE_RECURSION = YES;
				CLANG_WARN_INT_CONVERSION = YES;
				CLANG_WARN_NON_LITERAL_NULL_CONVERSION = YES;
				CLANG_WARN_OBJC_IMPLICIT_RETAIN_SELF = YES;
				CLANG_WARN_OBJC_LITERAL_CONVERSION = YES;
				CLANG_WARN_OBJC_ROOT_CLASS = YES_ERROR;
				CLANG_WARN_QUOTED_INCLUDE_IN_FRAMEWORK_HEADER = YES;
				CLANG_WARN_RANGE_LOOP_ANALYSIS = YES;
				CLANG_WARN_STRICT_PROTOTYPES = YES;
				CLANG_WARN_SUSPICIOUS_MOVE = YES;
				CLANG_WARN_UNGUARDED_AVAILABILITY = YES_AGGRESSIVE;
				CLANG_WARN_UNREACHABLE_CODE = YES;
				CLANG_WARN__DUPLICATE_METHOD_MATCH = YES;
				COPY_PHASE_STRIP = NO;
				DEBUG_INFORMATION_FORMAT = dwarf;
				DEVELOPMENT_TEAM = 6K8TWM2B86;
				ENABLE_STRICT_OBJC_MSGSEND = YES;
				ENABLE_TESTABILITY = YES;
				ENABLE_USER_SCRIPT_SANDBOXING = YES;
				GCC_C_LANGUAGE_STANDARD = gnu17;
				GCC_DYNAMIC_NO_PIC = NO;
				GCC_NO_COMMON_BLOCKS = YES;
				GCC_OPTIMIZATION_LEVEL = 0;
				GCC_PREPROCESSOR_DEFINITIONS = (
					"DEBUG=1",
					"$(inherited)",
				);
				GCC_WARN_64_TO_32_BIT_CONVERSION = YES;
				GCC_WARN_ABOUT_RETURN_TYPE = YES_ERROR;
				GCC_WARN_UNDECLARED_SELECTOR = YES;
				GCC_WARN_UNINITIALIZED_AUTOS = YES_AGGRESSIVE;
				GCC_WARN_UNUSED_FUNCTION = YES;
				GCC_WARN_UNUSED_VARIABLE = YES;
				IPHONEOS_DEPLOYMENT_TARGET = 26.5;
				LOCALIZATION_PREFERS_STRING_CATALOGS = YES;
				MTL_ENABLE_DEBUG_INFO = INCLUDE_SOURCE;
				MTL_FAST_MATH = YES;
				ONLY_ACTIVE_ARCH = YES;
				SDKROOT = iphoneos;
				SWIFT_ACTIVE_COMPILATION_CONDITIONS = "DEBUG $(inherited)";
				SWIFT_OPTIMIZATION_LEVEL = "-Onone";
			};
			name = Debug;
		};
		5C2FDA212FF631B100EF888F /* Release */ = {
			isa = XCBuildConfiguration;
			buildSettings = {
				ALWAYS_SEARCH_USER_PATHS = NO;
				ASSETCATALOG_COMPILER_GENERATE_SWIFT_ASSET_SYMBOL_EXTENSIONS = YES;
				CLANG_ANALYZER_NONNULL = YES;
				CLANG_ANALYZER_NUMBER_OBJECT_CONVERSION = YES_AGGRESSIVE;
				CLANG_CXX_LANGUAGE_STANDARD = "gnu++20";
				CLANG_ENABLE_MODULES = YES;
				CLANG_ENABLE_OBJC_ARC = YES;
				CLANG_ENABLE_OBJC_WEAK = YES;
				CLANG_WARN_BLOCK_CAPTURE_AUTORELEASING = YES;
				CLANG_WARN_BOOL_CONVERSION = YES;
				CLANG_WARN_COMMA = YES;
				CLANG_WARN_CONSTANT_CONVERSION = YES;
				CLANG_WARN_DEPRECATED_OBJC_IMPLEMENTATIONS = YES;
				CLANG_WARN_DIRECT_OBJC_ISA_USAGE = YES_ERROR;
				CLANG_WARN_DOCUMENTATION_COMMENTS = YES;
				CLANG_WARN_EMPTY_BODY = YES;
				CLANG_WARN_ENUM_CONVERSION = YES;
				CLANG_WARN_INFINITE_RECURSION = YES;
				CLANG_WARN_INT_CONVERSION = YES;
				CLANG_WARN_NON_LITERAL_NULL_CONVERSION = YES;
				CLANG_WARN_OBJC_IMPLICIT_RETAIN_SELF = YES;
				CLANG_WARN_OBJC_LITERAL_CONVERSION = YES;
				CLANG_WARN_OBJC_ROOT_CLASS = YES_ERROR;
				CLANG_WARN_QUOTED_INCLUDE_IN_FRAMEWORK_HEADER = YES;
				CLANG_WARN_RANGE_LOOP_ANALYSIS = YES;
				CLANG_WARN_STRICT_PROTOTYPES = YES;
				CLANG_WARN_SUSPICIOUS_MOVE = YES;
				CLANG_WARN_UNGUARDED_AVAILABILITY = YES_AGGRESSIVE;
				CLANG_WARN_UNREACHABLE_CODE = YES;
				CLANG_WARN__DUPLICATE_METHOD_MATCH = YES;
				COPY_PHASE_STRIP = NO;
				DEBUG_INFORMATION_FORMAT = "dwarf-with-dsym";
				DEVELOPMENT_TEAM = 6K8TWM2B86;
				ENABLE_NS_ASSERTIONS = NO;
				ENABLE_STRICT_OBJC_MSGSEND = YES;
				ENABLE_USER_SCRIPT_SANDBOXING = YES;
				GCC_C_LANGUAGE_STANDARD = gnu17;
				GCC_NO_COMMON_BLOCKS = YES;
				GCC_WARN_64_TO_32_BIT_CONVERSION = YES;
				GCC_WARN_ABOUT_RETURN_TYPE = YES_ERROR;
				GCC_WARN_UNDECLARED_SELECTOR = YES;
				GCC_WARN_UNINITIALIZED_AUTOS = YES_AGGRESSIVE;
				GCC_WARN_UNUSED_FUNCTION = YES;
				GCC_WARN_UNUSED_VARIABLE = YES;
				IPHONEOS_DEPLOYMENT_TARGET = 26.5;
				LOCALIZATION_PREFERS_STRING_CATALOGS = YES;
				MTL_ENABLE_DEBUG_INFO = NO;
				MTL_FAST_MATH = YES;
				SDKROOT = iphoneos;
				SWIFT_COMPILATION_MODE = wholemodule;
				VALIDATE_PRODUCT = YES;
			};
			name = Release;
		};
		5C2FDA232FF631B100EF888F /* Debug */ = {
			isa = XCBuildConfiguration;
			buildSettings = {
				BUNDLE_LOADER = "$(TEST_HOST)";
				CODE_SIGN_STYLE = Automatic;
				CURRENT_PROJECT_VERSION = 1;
				DEVELOPMENT_TEAM = 6K8TWM2B86;
				GENERATE_INFOPLIST_FILE = YES;
				IPHONEOS_DEPLOYMENT_TARGET = 26.5;
				MARKETING_VERSION = 1.0;
				PRODUCT_BUNDLE_IDENTIFIER = chaykin.AutodocNewsAppTests;
				PRODUCT_NAME = "$(TARGET_NAME)";
				STRING_CATALOG_GENERATE_SYMBOLS = NO;
				SWIFT_APPROACHABLE_CONCURRENCY = YES;
				SWIFT_EMIT_LOC_STRINGS = NO;
				SWIFT_UPCOMING_FEATURE_MEMBER_IMPORT_VISIBILITY = YES;
				SWIFT_VERSION = 5.0;
				TARGETED_DEVICE_FAMILY = "1,2";
				TEST_HOST = "$(BUILT_PRODUCTS_DIR)/AutodocNewsApp.app/$(BUNDLE_EXECUTABLE_FOLDER_PATH)/AutodocNewsApp";
			};
			name = Debug;
		};
		5C2FDA242FF631B100EF888F /* Release */ = {
			isa = XCBuildConfiguration;
			buildSettings = {
				BUNDLE_LOADER = "$(TEST_HOST)";
				CODE_SIGN_STYLE = Automatic;
				CURRENT_PROJECT_VERSION = 1;
				DEVELOPMENT_TEAM = 6K8TWM2B86;
				GENERATE_INFOPLIST_FILE = YES;
				IPHONEOS_DEPLOYMENT_TARGET = 26.5;
				MARKETING_VERSION = 1.0;
				PRODUCT_BUNDLE_IDENTIFIER = chaykin.AutodocNewsAppTests;
				PRODUCT_NAME = "$(TARGET_NAME)";
				STRING_CATALOG_GENERATE_SYMBOLS = NO;
				SWIFT_APPROACHABLE_CONCURRENCY = YES;
				SWIFT_EMIT_LOC_STRINGS = NO;
				SWIFT_UPCOMING_FEATURE_MEMBER_IMPORT_VISIBILITY = YES;
				SWIFT_VERSION = 5.0;
				TARGETED_DEVICE_FAMILY = "1,2";
				TEST_HOST = "$(BUILT_PRODUCTS_DIR)/AutodocNewsApp.app/$(BUNDLE_EXECUTABLE_FOLDER_PATH)/AutodocNewsApp";
			};
			name = Release;
		};
		5C2FDA262FF631B100EF888F /* Debug */ = {
			isa = XCBuildConfiguration;
			buildSettings = {
				CODE_SIGN_STYLE = Automatic;
				CURRENT_PROJECT_VERSION = 1;
				DEVELOPMENT_TEAM = 6K8TWM2B86;
				GENERATE_INFOPLIST_FILE = YES;
				MARKETING_VERSION = 1.0;
				PRODUCT_BUNDLE_IDENTIFIER = chaykin.AutodocNewsAppUITests;
				PRODUCT_NAME = "$(TARGET_NAME)";
				STRING_CATALOG_GENERATE_SYMBOLS = NO;
				SWIFT_APPROACHABLE_CONCURRENCY = YES;
				SWIFT_EMIT_LOC_STRINGS = NO;
				SWIFT_UPCOMING_FEATURE_MEMBER_IMPORT_VISIBILITY = YES;
				SWIFT_VERSION = 5.0;
				TARGETED_DEVICE_FAMILY = "1,2";
				TEST_TARGET_NAME = AutodocNewsApp;
			};
			name = Debug;
		};
		5C2FDA272FF631B100EF888F /* Release */ = {
			isa = XCBuildConfiguration;
			buildSettings = {
				CODE_SIGN_STYLE = Automatic;
				CURRENT_PROJECT_VERSION = 1;
				DEVELOPMENT_TEAM = 6K8TWM2B86;
				GENERATE_INFOPLIST_FILE = YES;
				MARKETING_VERSION = 1.0;
				PRODUCT_BUNDLE_IDENTIFIER = chaykin.AutodocNewsAppUITests;
				PRODUCT_NAME = "$(TARGET_NAME)";
				STRING_CATALOG_GENERATE_SYMBOLS = NO;
				SWIFT_APPROACHABLE_CONCURRENCY = YES;
				SWIFT_EMIT_LOC_STRINGS = NO;
				SWIFT_UPCOMING_FEATURE_MEMBER_IMPORT_VISIBILITY = YES;
				SWIFT_VERSION = 5.0;
				TARGETED_DEVICE_FAMILY = "1,2";
				TEST_TARGET_NAME = AutodocNewsApp;
			};
			name = Release;
		};
/* End XCBuildConfiguration section */

/* Begin XCConfigurationList section */
		5C2FD9EF2FF631AF00EF888F /* Build configuration list for PBXProject "AutodocNewsApp" */ = {
			isa = XCConfigurationList;
			buildConfigurations = (
				5C2FDA202FF631B100EF888F /* Debug */,
				5C2FDA212FF631B100EF888F /* Release */,
			);
			defaultConfigurationIsVisible = 0;
			defaultConfigurationName = Release;
		};
		5C2FDA1D2FF631B100EF888F /* Build configuration list for PBXNativeTarget "AutodocNewsApp" */ = {
			isa = XCConfigurationList;
			buildConfigurations = (
				5C2FDA1E2FF631B100EF888F /* Debug */,
				5C2FDA1F2FF631B100EF888F /* Release */,
			);
			defaultConfigurationIsVisible = 0;
			defaultConfigurationName = Release;
		};
		5C2FDA222FF631B100EF888F /* Build configuration list for PBXNativeTarget "AutodocNewsAppTests" */ = {
			isa = XCConfigurationList;
			buildConfigurations = (
				5C2FDA232FF631B100EF888F /* Debug */,
				5C2FDA242FF631B100EF888F /* Release */,
			);
			defaultConfigurationIsVisible = 0;
			defaultConfigurationName = Release;
		};
		5C2FDA252FF631B100EF888F /* Build configuration list for PBXNativeTarget "AutodocNewsAppUITests" */ = {
			isa = XCConfigurationList;
			buildConfigurations = (
				5C2FDA262FF631B100EF888F /* Debug */,
				5C2FDA272FF631B100EF888F /* Release */,
			);
			defaultConfigurationIsVisible = 0;
			defaultConfigurationName = Release;
		};
/* End XCConfigurationList section */
	};
	rootObject = 5C2FD9EC2FF631AF00EF888F /* Project object */;
}
